{
  "lockfileVersion": 2,
  "configVersion": 1,
  "workspaces": {
    "": {
      "name": "gluco-demo-video",
      "dependencies": {
        "playwright": "1.64.0-alpha-1790635538000",
      },
    },
  },
  "packages": {
    "playwright": ["playwright@1.64.0-alpha-1790635538000", "", { "dependencies": { "playwright-core": "1.64.0-alpha-1790635538000" }, "bin": { "playwright": "cli.js" } }, "sha512-/5XDUMxpOd/9AojJtWDFIRV3EJZNQ0AwvK69wgt3CPzy8wTgiBG9pX45VfxtqtvIRGwfWzMhrvawNKreG69Snw=="],

    "playwright-core": ["playwright-core@1.64.0-alpha-1790635538000", "", { "bin": { "playwright-core": "cli.js" } }, "sha512-pNwaXirhXMRLaRQs4NQ18EpTdtDoFwyPH9FOaaDC7YXG4hpwE2xmwCic/1srbuExVQC7zT9LJSJpDBAru+Vo9A=="],
  }
}
